# THIS IS AN AUTOGENERATED FILE. DO NOT EDIT THIS FILE DIRECTLY.
# yarn lockfile v1


"@esbuild/aix-ppc64@0.24.2":
  version "0.24.2"
  resolved "https://registry.yarnpkg.com/@esbuild/aix-ppc64/-/aix-ppc64-0.24.2.tgz#38848d3e25afe842a7943643cbcd387cc6e13461"
  integrity sha512-thpVCb/rhxE/BnMLQ7GReQLLN8q9qbHmI55F4489/ByVg2aQaQ6kbcLb6FHkocZzQhxc4gx0sCk0tJkKBFzDhA==

"@esbuild/android-arm64@0.24.2":
  version "0.24.2"
  resolved "https://registry.yarnpkg.com/@esbuild/android-arm64/-/android-arm64-0.24.2.tgz#f592957ae8b5643129fa889c79e69cd8669bb894"
  integrity sha512-cNLgeqCqV8WxfcTIOeL4OAtSmL8JjcN6m09XIgro1Wi7cF4t/THaWEa7eL5CMoMBdjoHOTh/vwTO/o2TRXIyzg==

"@esbuild/android-arm@0.24.2":
  version "0.24.2"
  resolved "https://registry.yarnpkg.com/@esbuild/android-arm/-/android-arm-0.24.2.tgz#72d8a2063aa630308af486a7e5cbcd1e134335b3"
  integrity sha512-tmwl4hJkCfNHwFB3nBa8z1Uy3ypZpxqxfTQOcHX+xRByyYgunVbZ9MzUUfb0RxaHIMnbHagwAxuTL+tnNM+1/Q==

"@esbuild/android-x64@0.24.2":
  version "0.24.2"
  resolved "https://registry.yarnpkg.com/@esbuild/android-x64/-/android-x64-0.24.2.tgz#9a7713504d5f04792f33be9c197a882b2d88febb"
  integrity sha512-B6Q0YQDqMx9D7rvIcsXfmJfvUYLoP722bgfBlO5cGvNVb5V/+Y7nhBE3mHV9OpxBf4eAS2S68KZztiPaWq4XYw==

"@esbuild/darwin-arm64@0.24.2":
  version "0.24.2"
  resolved "https://registry.yarnpkg.com/@esbuild/darwin-arm64/-/darwin-arm64-0.24.2.tgz#02ae04ad8ebffd6e2ea096181b3366816b2b5936"
  integrity sha512-kj3AnYWc+CekmZnS5IPu9D+HWtUI49hbnyqk0FLEJDbzCIQt7hg7ucF1SQAilhtYpIujfaHr6O0UHlzzSPdOeA==

"@esbuild/darwin-x64@0.24.2":
  version "0.24.2"
  resolved "https://registry.yarnpkg.com/@esbuild/darwin-x64/-/darwin-x64-0.24.2.tgz#9ec312bc29c60e1b6cecadc82bd504d8adaa19e9"
  integrity sha512-WeSrmwwHaPkNR5H3yYfowhZcbriGqooyu3zI/3GGpF8AyUdsrrP0X6KumITGA9WOyiJavnGZUwPGvxvwfWPHIA==

"@esbuild/freebsd-arm64@0.24.2":
  version "0.24.2"
  resolved "https://registry.yarnpkg.com/@esbuild/freebsd-arm64/-/freebsd-arm64-0.24.2.tgz#5e82f44cb4906d6aebf24497d6a068cfc152fa00"
  integrity sha512-UN8HXjtJ0k/Mj6a9+5u6+2eZ2ERD7Edt1Q9IZiB5UZAIdPnVKDoG7mdTVGhHJIeEml60JteamR3qhsr1r8gXvg==

"@esbuild/freebsd-x64@0.24.2":
  version "0.24.2"
  resolved "https://registry.yarnpkg.com/@esbuild/freebsd-x64/-/freebsd-x64-0.24.2.tgz#3fb1ce92f276168b75074b4e51aa0d8141ecce7f"
  integrity sha512-TvW7wE/89PYW+IevEJXZ5sF6gJRDY/14hyIGFXdIucxCsbRmLUcjseQu1SyTko+2idmCw94TgyaEZi9HUSOe3Q==

"@esbuild/linux-arm64@0.24.2":
  version "0.24.2"
  resolved "https://registry.yarnpkg.com/@esbuild/linux-arm64/-/linux-arm64-0.24.2.tgz#856b632d79eb80aec0864381efd29de8fd0b1f43"
  integrity sha512-7HnAD6074BW43YvvUmE/35Id9/NB7BeX5EoNkK9obndmZBUk8xmJJeU7DwmUeN7tkysslb2eSl6CTrYz6oEMQg==

"@esbuild/linux-arm@0.24.2":
  version "0.24.2"
  resolved "https://registry.yarnpkg.com/@esbuild/linux-arm/-/linux-arm-0.24.2.tgz#c846b4694dc5a75d1444f52257ccc5659021b736"
  integrity sha512-n0WRM/gWIdU29J57hJyUdIsk0WarGd6To0s+Y+LwvlC55wt+GT/OgkwoXCXvIue1i1sSNWblHEig00GBWiJgfA==

"@esbuild/linux-ia32@0.24.2":
  version "0.24.2"
  resolved "https://registry.yarnpkg.com/@esbuild/linux-ia32/-/linux-ia32-0.24.2.tgz#f8a16615a78826ccbb6566fab9a9606cfd4a37d5"
  integrity sha512-sfv0tGPQhcZOgTKO3oBE9xpHuUqguHvSo4jl+wjnKwFpapx+vUDcawbwPNuBIAYdRAvIDBfZVvXprIj3HA+Ugw==

"@esbuild/linux-loong64@0.24.2":
  version "0.24.2"
  resolved "https://registry.yarnpkg.com/@esbuild/linux-loong64/-/linux-loong64-0.24.2.tgz#1c451538c765bf14913512c76ed8a351e18b09fc"
  integrity sha512-CN9AZr8kEndGooS35ntToZLTQLHEjtVB5n7dl8ZcTZMonJ7CCfStrYhrzF97eAecqVbVJ7APOEe18RPI4KLhwQ==

"@esbuild/linux-mips64el@0.24.2":
  version "0.24.2"
  resolved "https://registry.yarnpkg.com/@esbuild/linux-mips64el/-/linux-mips64el-0.24.2.tgz#0846edeefbc3d8d50645c51869cc64401d9239cb"
  integrity sha512-iMkk7qr/wl3exJATwkISxI7kTcmHKE+BlymIAbHO8xanq/TjHaaVThFF6ipWzPHryoFsesNQJPE/3wFJw4+huw==

"@esbuild/linux-ppc64@0.24.2":
  version "0.24.2"
  resolved "https://registry.yarnpkg.com/@esbuild/linux-ppc64/-/linux-ppc64-0.24.2.tgz#8e3fc54505671d193337a36dfd4c1a23b8a41412"
  integrity sha512-shsVrgCZ57Vr2L8mm39kO5PPIb+843FStGt7sGGoqiiWYconSxwTiuswC1VJZLCjNiMLAMh34jg4VSEQb+iEbw==

"@esbuild/linux-riscv64@0.24.2":
  version "0.24.2"
  resolved "https://registry.yarnpkg.com/@esbuild/linux-riscv64/-/linux-riscv64-0.24.2.tgz#6a1e92096d5e68f7bb10a0d64bb5b6d1daf9a694"
  integrity sha512-4eSFWnU9Hhd68fW16GD0TINewo1L6dRrB+oLNNbYyMUAeOD2yCK5KXGK1GH4qD/kT+bTEXjsyTCiJGHPZ3eM9Q==

"@esbuild/linux-s390x@0.24.2":
  version "0.24.2"
  resolved "https://registry.yarnpkg.com/@esbuild/linux-s390x/-/linux-s390x-0.24.2.tgz#ab18e56e66f7a3c49cb97d337cd0a6fea28a8577"
  integrity sha512-S0Bh0A53b0YHL2XEXC20bHLuGMOhFDO6GN4b3YjRLK//Ep3ql3erpNcPlEFed93hsQAjAQDNsvcK+hV90FubSw==

"@esbuild/linux-x64@0.24.2":
  version "0.24.2"
  resolved "https://registry.yarnpkg.com/@esbuild/linux-x64/-/linux-x64-0.24.2.tgz#8140c9b40da634d380b0b29c837a0b4267aff38f"
  integrity sha512-8Qi4nQcCTbLnK9WoMjdC9NiTG6/E38RNICU6sUNqK0QFxCYgoARqVqxdFmWkdonVsvGqWhmm7MO0jyTqLqwj0Q==

"@esbuild/netbsd-arm64@0.24.2":
  version "0.24.2"
  resolved "https://registry.yarnpkg.com/@esbuild/netbsd-arm64/-/netbsd-arm64-0.24.2.tgz#65f19161432bafb3981f5f20a7ff45abb2e708e6"
  integrity sha512-wuLK/VztRRpMt9zyHSazyCVdCXlpHkKm34WUyinD2lzK07FAHTq0KQvZZlXikNWkDGoT6x3TD51jKQ7gMVpopw==

"@esbuild/netbsd-x64@0.24.2":
  version "0.24.2"
  resolved "https://registry.yarnpkg.com/@esbuild/netbsd-x64/-/netbsd-x64-0.24.2.tgz#7a3a97d77abfd11765a72f1c6f9b18f5396bcc40"
  integrity sha512-VefFaQUc4FMmJuAxmIHgUmfNiLXY438XrL4GDNV1Y1H/RW3qow68xTwjZKfj/+Plp9NANmzbH5R40Meudu8mmw==

"@esbuild/openbsd-arm64@0.24.2":
  version "0.24.2"
  resolved "https://registry.yarnpkg.com/@esbuild/openbsd-arm64/-/openbsd-arm64-0.24.2.tgz#58b00238dd8f123bfff68d3acc53a6ee369af89f"
  integrity sha512-YQbi46SBct6iKnszhSvdluqDmxCJA+Pu280Av9WICNwQmMxV7nLRHZfjQzwbPs3jeWnuAhE9Jy0NrnJ12Oz+0A==

"@esbuild/openbsd-x64@0.24.2":
  version "0.24.2"
  resolved "https://registry.yarnpkg.com/@esbuild/openbsd-x64/-/openbsd-x64-0.24.2.tgz#0ac843fda0feb85a93e288842936c21a00a8a205"
  integrity sha512-+iDS6zpNM6EnJyWv0bMGLWSWeXGN/HTaF/LXHXHwejGsVi+ooqDfMCCTerNFxEkM3wYVcExkeGXNqshc9iMaOA==

"@esbuild/sunos-x64@0.24.2":
  version "0.24.2"
  resolved "https://registry.yarnpkg.com/@esbuild/sunos-x64/-/sunos-x64-0.24.2.tgz#8b7aa895e07828d36c422a4404cc2ecf27fb15c6"
  integrity sha512-hTdsW27jcktEvpwNHJU4ZwWFGkz2zRJUz8pvddmXPtXDzVKTTINmlmga3ZzwcuMpUvLw7JkLy9QLKyGpD2Yxig==

"@esbuild/win32-arm64@0.24.2":
  version "0.24.2"
  resolved "https://registry.yarnpkg.com/@esbuild/win32-arm64/-/win32-arm64-0.24.2.tgz#c023afb647cabf0c3ed13f0eddfc4f1d61c66a85"
  integrity sha512-LihEQ2BBKVFLOC9ZItT9iFprsE9tqjDjnbulhHoFxYQtQfai7qfluVODIYxt1PgdoyQkz23+01rzwNwYfutxUQ==

"@esbuild/win32-ia32@0.24.2":
  version "0.24.2"
  resolved "https://registry.yarnpkg.com/@esbuild/win32-ia32/-/win32-ia32-0.24.2.tgz#96c356132d2dda990098c8b8b951209c3cd743c2"
  integrity sha512-q+iGUwfs8tncmFC9pcnD5IvRHAzmbwQ3GPS5/ceCyHdjXubwQWI12MKWSNSMYLJMq23/IUCvJMS76PDqXe1fxA==

"@esbuild/win32-x64@0.24.2":
  version "0.24.2"
  resolved "https://registry.yarnpkg.com/@esbuild/win32-x64/-/win32-x64-0.24.2.tgz#34aa0b52d0fbb1a654b596acfa595f0c7b77a77b"
  integrity sha512-7VTgWzgMGvup6aSqDPLiW5zHaxYJGTO4OokMjIlrCtf+VpEL+cXKtCvg723iguPYI5oaUNdS+/V7OU2gvXVWEg==

"@jridgewell/sourcemap-codec@^1.5.0":
  version "1.5.0"
  resolved "https://registry.yarnpkg.com/@jridgewell/sourcemap-codec/-/sourcemap-codec-1.5.0.tgz#3188bcb273a414b0d215fd22a58540b989b9409a"
  integrity sha512-gv3ZRaISU3fjPAgNsriBRqGWQL6quFx04YMPW/zD8XMLsU32mhCCbfbO6KZFLjvYpCZ8zyDEgqsgf+PwPaM7GQ==

"@rollup/rollup-android-arm-eabi@4.32.0":
  version "4.32.0"
  resolved "https://registry.yarnpkg.com/@rollup/rollup-android-arm-eabi/-/rollup-android-arm-eabi-4.32.0.tgz#42a8e897c7b656adb4edebda3a8b83a57526452f"
  integrity sha512-G2fUQQANtBPsNwiVFg4zKiPQyjVKZCUdQUol53R8E71J7AsheRMV/Yv/nB8giOcOVqP7//eB5xPqieBYZe9bGg==

"@rollup/rollup-android-arm64@4.32.0":
  version "4.32.0"
  resolved "https://registry.yarnpkg.com/@rollup/rollup-android-arm64/-/rollup-android-arm64-4.32.0.tgz#846a73eef25b18ff94bac1e52acab6a7c7ac22fa"
  integrity sha512-qhFwQ+ljoymC+j5lXRv8DlaJYY/+8vyvYmVx074zrLsu5ZGWYsJNLjPPVJJjhZQpyAKUGPydOq9hRLLNvh1s3A==

"@rollup/rollup-darwin-arm64@4.32.0":
  version "4.32.0"
  resolved "https://registry.yarnpkg.com/@rollup/rollup-darwin-arm64/-/rollup-darwin-arm64-4.32.0.tgz#014ed37f1f7809fdf3442a6b689d3a074a844058"
  integrity sha512-44n/X3lAlWsEY6vF8CzgCx+LQaoqWGN7TzUfbJDiTIOjJm4+L2Yq+r5a8ytQRGyPqgJDs3Rgyo8eVL7n9iW6AQ==

"@rollup/rollup-darwin-x64@4.32.0":
  version "4.32.0"
  resolved "https://registry.yarnpkg.com/@rollup/rollup-darwin-x64/-/rollup-darwin-x64-4.32.0.tgz#dde6ed3e56d0b34477fa56c4a199abe5d4b9846b"
  integrity sha512-F9ct0+ZX5Np6+ZDztxiGCIvlCaW87HBdHcozUfsHnj1WCUTBUubAoanhHUfnUHZABlElyRikI0mgcw/qdEm2VQ==

"@rollup/rollup-freebsd-arm64@4.32.0":
  version "4.32.0"
  resolved "https://registry.yarnpkg.com/@rollup/rollup-freebsd-arm64/-/rollup-freebsd-arm64-4.32.0.tgz#8ad634f462a6b7e338257cf64c7baff99618a08e"
  integrity sha512-JpsGxLBB2EFXBsTLHfkZDsXSpSmKD3VxXCgBQtlPcuAqB8TlqtLcbeMhxXQkCDv1avgwNjF8uEIbq5p+Cee0PA==

"@rollup/rollup-freebsd-x64@4.32.0":
  version "4.32.0"
  resolved "https://registry.yarnpkg.com/@rollup/rollup-freebsd-x64/-/rollup-freebsd-x64-4.32.0.tgz#9d4d1dbbafcb0354d52ba6515a43c7511dba8052"
  integrity sha512-wegiyBT6rawdpvnD9lmbOpx5Sph+yVZKHbhnSP9MqUEDX08G4UzMU+D87jrazGE7lRSyTRs6NEYHtzfkJ3FjjQ==

"@rollup/rollup-linux-arm-gnueabihf@4.32.0":
  version "4.32.0"
  resolved "https://registry.yarnpkg.com/@rollup/rollup-linux-arm-gnueabihf/-/rollup-linux-arm-gnueabihf-4.32.0.tgz#3bd5fcbab92a66e032faef1078915d1dbf27de7a"
  integrity sha512-3pA7xecItbgOs1A5H58dDvOUEboG5UfpTq3WzAdF54acBbUM+olDJAPkgj1GRJ4ZqE12DZ9/hNS2QZk166v92A==

"@rollup/rollup-linux-arm-musleabihf@4.32.0":
  version "4.32.0"
  resolved "https://registry.yarnpkg.com/@rollup/rollup-linux-arm-musleabihf/-/rollup-linux-arm-musleabihf-4.32.0.tgz#a77838b9779931ce4fa01326b585eee130f51e60"
  integrity sha512-Y7XUZEVISGyge51QbYyYAEHwpGgmRrAxQXO3siyYo2kmaj72USSG8LtlQQgAtlGfxYiOwu+2BdbPjzEpcOpRmQ==

"@rollup/rollup-linux-arm64-gnu@4.32.0":
  version "4.32.0"
  resolved "https://registry.yarnpkg.com/@rollup/rollup-linux-arm64-gnu/-/rollup-linux-arm64-gnu-4.32.0.tgz#ec1b1901b82d57a20184adb61c725dd8991a0bf0"
  integrity sha512-r7/OTF5MqeBrZo5omPXcTnjvv1GsrdH8a8RerARvDFiDwFpDVDnJyByYM/nX+mvks8XXsgPUxkwe/ltaX2VH7w==

"@rollup/rollup-linux-arm64-musl@4.32.0":
  version "4.32.0"
  resolved "https://registry.yarnpkg.com/@rollup/rollup-linux-arm64-musl/-/rollup-linux-arm64-musl-4.32.0.tgz#7aa23b45bf489b7204b5a542e857e134742141de"
  integrity sha512-HJbifC9vex9NqnlodV2BHVFNuzKL5OnsV2dvTw6e1dpZKkNjPG6WUq+nhEYV6Hv2Bv++BXkwcyoGlXnPrjAKXw==

"@rollup/rollup-linux-loongarch64-gnu@4.32.0":
  version "4.32.0"
  resolved "https://registry.yarnpkg.com/@rollup/rollup-linux-loongarch64-gnu/-/rollup-linux-loongarch64-gnu-4.32.0.tgz#7bf0ebd8c5ad08719c3b4786be561d67f95654a7"
  integrity sha512-VAEzZTD63YglFlWwRj3taofmkV1V3xhebDXffon7msNz4b14xKsz7utO6F8F4cqt8K/ktTl9rm88yryvDpsfOw==

"@rollup/rollup-linux-powerpc64le-gnu@4.32.0":
  version "4.32.0"
  resolved "https://registry.yarnpkg.com/@rollup/rollup-linux-powerpc64le-gnu/-/rollup-linux-powerpc64le-gnu-4.32.0.tgz#e687dfcaf08124aafaaebecef0cc3986675cb9b6"
  integrity sha512-Sts5DST1jXAc9YH/iik1C9QRsLcCoOScf3dfbY5i4kH9RJpKxiTBXqm7qU5O6zTXBTEZry69bGszr3SMgYmMcQ==

"@rollup/rollup-linux-riscv64-gnu@4.32.0":
  version "4.32.0"
  resolved "https://registry.yarnpkg.com/@rollup/rollup-linux-riscv64-gnu/-/rollup-linux-riscv64-gnu-4.32.0.tgz#19fce2594f9ce73d1cb0748baf8cd90a7bedc237"
  integrity sha512-qhlXeV9AqxIyY9/R1h1hBD6eMvQCO34ZmdYvry/K+/MBs6d1nRFLm6BOiITLVI+nFAAB9kUB6sdJRKyVHXnqZw==

"@rollup/rollup-linux-s390x-gnu@4.32.0":
  version "4.32.0"
  resolved "https://registry.yarnpkg.com/@rollup/rollup-linux-s390x-gnu/-/rollup-linux-s390x-gnu-4.32.0.tgz#fd99b335bb65c59beb7d15ae82be0aafa9883c19"
  integrity sha512-8ZGN7ExnV0qjXa155Rsfi6H8M4iBBwNLBM9lcVS+4NcSzOFaNqmt7djlox8pN1lWrRPMRRQ8NeDlozIGx3Omsw==

"@rollup/rollup-linux-x64-gnu@4.32.0":
  version "4.32.0"
  resolved "https://registry.yarnpkg.com/@rollup/rollup-linux-x64-gnu/-/rollup-linux-x64-gnu-4.32.0.tgz#4e8c697bbaa2e2d7212bd42086746c8275721166"
  integrity sha512-VDzNHtLLI5s7xd/VubyS10mq6TxvZBp+4NRWoW+Hi3tgV05RtVm4qK99+dClwTN1McA6PHwob6DEJ6PlXbY83A==

"@rollup/rollup-linux-x64-musl@4.32.0":
  version "4.32.0"
  resolved "https://registry.yarnpkg.com/@rollup/rollup-linux-x64-musl/-/rollup-linux-x64-musl-4.32.0.tgz#0d2f74bd9cfe0553f20f056760a95b293e849ab2"
  integrity sha512-qcb9qYDlkxz9DxJo7SDhWxTWV1gFuwznjbTiov289pASxlfGbaOD54mgbs9+z94VwrXtKTu+2RqwlSTbiOqxGg==

"@rollup/rollup-win32-arm64-msvc@4.32.0":
  version "4.32.0"
  resolved "https://registry.yarnpkg.com/@rollup/rollup-win32-arm64-msvc/-/rollup-win32-arm64-msvc-4.32.0.tgz#6534a09fcdd43103645155cedb5bfa65fbf2c23f"
  integrity sha512-pFDdotFDMXW2AXVbfdUEfidPAk/OtwE/Hd4eYMTNVVaCQ6Yl8et0meDaKNL63L44Haxv4UExpv9ydSf3aSayDg==

"@rollup/rollup-win32-ia32-msvc@4.32.0":
  version "4.32.0"
  resolved "https://registry.yarnpkg.com/@rollup/rollup-win32-ia32-msvc/-/rollup-win32-ia32-msvc-4.32.0.tgz#8222ccfecffd63a6b0ddbe417d8d959e4f2b11b3"
  integrity sha512-/TG7WfrCAjeRNDvI4+0AAMoHxea/USWhAzf9PVDFHbcqrQ7hMMKp4jZIy4VEjk72AAfN5k4TiSMRXRKf/0akSw==

"@rollup/rollup-win32-x64-msvc@4.32.0":
  version "4.32.0"
  resolved "https://registry.yarnpkg.com/@rollup/rollup-win32-x64-msvc/-/rollup-win32-x64-msvc-4.32.0.tgz#1a40b4792c08094b6479c48c90fe7f4b10ec2f54"
  integrity sha512-5hqO5S3PTEO2E5VjCePxv40gIgyS2KvO7E7/vvC/NbIW4SIRamkMr1hqj+5Y67fbBWv/bQLB6KelBQmXlyCjWA==

"@types/estree@1.0.6", "@types/estree@^1.0.0":
  version "1.0.6"
  resolved "https://registry.yarnpkg.com/@types/estree/-/estree-1.0.6.tgz#628effeeae2064a1b4e79f78e81d87b7e5fc7b50"
  integrity sha512-AYnb1nQyY49te+VRAVgmzfcgjYS91mY5P0TKUDCLEM+gNnA+3T6rWITXRLYCpahpqSQbN5cE+gHpnPyXjHWxcw==

"@types/glob@*":
  version "8.1.0"
  resolved "https://registry.yarnpkg.com/@types/glob/-/glob-8.1.0.tgz#b63e70155391b0584dce44e7ea25190bbc38f2fc"
  integrity sha512-IO+MJPVhoqz+28h1qLAcBEH2+xHMK6MTyHJc7MTnnYb6wsoLR29POVGJ7LycmVXIqyy/4/2ShP5sUwTXuOwb/w==
  dependencies:
    "@types/minimatch" "^5.1.2"
    "@types/node" "*"

"@types/lodash@^4.17.14":
  version "4.17.14"
  resolved "https://registry.yarnpkg.com/@types/lodash/-/lodash-4.17.14.tgz#bafc053533f4cdc5fcc9635af46a963c1f3deaff"
  integrity sha512-jsxagdikDiDBeIRaPYtArcT8my4tN1og7MtMRquFT3XNA6axxyHDRUemqDz/taRDdOUn0GnGHRCuff4q48sW9A==

"@types/minimatch@^3.0.5":
  version "3.0.5"
  resolved "https://registry.yarnpkg.com/@types/minimatch/-/minimatch-3.0.5.tgz#1001cc5e6a3704b83c236027e77f2f58ea010f40"
  integrity sha512-Klz949h02Gz2uZCMGwDUSDS1YBlTdDDgbWHi+81l29tQALUtvz4rAYi5uoVhE5Lagoq6DeqAUlbrHvW/mXDgdQ==

"@types/minimatch@^5.1.2":
  version "5.1.2"
  resolved "https://registry.yarnpkg.com/@types/minimatch/-/minimatch-5.1.2.tgz#07508b45797cb81ec3f273011b054cd0755eddca"
  integrity sha512-K0VQKziLUWkVKiRVrx4a40iPaxTUefQmjtkQofBkYRcoaaL/8rhwDWww9qWbrgicNOgnpIsMxyNIUM4+n6dUIA==

"@types/node@*":
  version "18.11.10"
  resolved "https://registry.yarnpkg.com/@types/node/-/node-18.11.10.tgz#4c64759f3c2343b7e6c4b9caf761c7a3a05cee34"
  integrity sha512-juG3RWMBOqcOuXC643OAdSA525V44cVgGV6dUDuiFtss+8Fk5x1hI93Rsld43VeJVIeqlP9I7Fn9/qaVqoEAuQ==

"@types/node@^12.0.0":
  version "12.20.55"
  resolved "https://registry.yarnpkg.com/@types/node/-/node-12.20.55.tgz#c329cbd434c42164f846b909bd6f85b5537f6240"
  integrity sha512-J8xLz7q2OFulZ2cyGTLE1TbbZcjpno7FaN6zdJNrgAdrJ+DZzh/uFR6YrTb4C+nXakvud8Q4+rbhoIWlYQbUFQ==

"@types/rimraf@^3.0.2":
  version "3.0.2"
  resolved "https://registry.yarnpkg.com/@types/rimraf/-/rimraf-3.0.2.tgz#a63d175b331748e5220ad48c901d7bbf1f44eef8"
  integrity sha512-F3OznnSLAUxFrCEu/L5PY8+ny8DtcFRjx7fZZ9bycvXRi3KPTRS9HOitGZwvPg0juRhXFWIeKX58cnX5YqLohQ==
  dependencies:
    "@types/glob" "*"
    "@types/node" "*"

"@vitest/expect@3.0.4":
  version "3.0.4"
  resolved "https://registry.yarnpkg.com/@vitest/expect/-/expect-3.0.4.tgz#95c0a73980e99a30d3994c35b4468c4bb257d093"
  integrity sha512-Nm5kJmYw6P2BxhJPkO3eKKhGYKRsnqJqf+r0yOGRKpEP+bSCBDsjXgiu1/5QFrnPMEgzfC38ZEjvCFgaNBC0Eg==
  dependencies:
    "@vitest/spy" "3.0.4"
    "@vitest/utils" "3.0.4"
    chai "^5.1.2"
    tinyrainbow "^2.0.0"

"@vitest/mocker@3.0.4":
  version "3.0.4"
  resolved "https://registry.yarnpkg.com/@vitest/mocker/-/mocker-3.0.4.tgz#91eba38f720d47aa708d1bcc5e4c7d885b1fc435"
  integrity sha512-gEef35vKafJlfQbnyOXZ0Gcr9IBUsMTyTLXsEQwuyYAerpHqvXhzdBnDFuHLpFqth3F7b6BaFr4qV/Cs1ULx5A==
  dependencies:
    "@vitest/spy" "3.0.4"
    estree-walker "^3.0.3"
    magic-string "^0.30.17"

"@vitest/pretty-format@3.0.4", "@vitest/pretty-format@^3.0.4":
  version "3.0.4"
  resolved "https://registry.yarnpkg.com/@vitest/pretty-format/-/pretty-format-3.0.4.tgz#18d5da3bad9a0eebf49f5c5daa84d0d5f7d2bbfa"
  integrity sha512-ts0fba+dEhK2aC9PFuZ9LTpULHpY/nd6jhAQ5IMU7Gaj7crPCTdCFfgvXxruRBLFS+MLraicCuFXxISEq8C93g==
  dependencies:
    tinyrainbow "^2.0.0"

"@vitest/runner@3.0.4":
  version "3.0.4"
  resolved "https://registry.yarnpkg.com/@vitest/runner/-/runner-3.0.4.tgz#5bdc965c32721c7cf025481124f73589deea313a"
  integrity sha512-dKHzTQ7n9sExAcWH/0sh1elVgwc7OJ2lMOBrAm73J7AH6Pf9T12Zh3lNE1TETZaqrWFXtLlx3NVrLRb5hCK+iw==
  dependencies:
    "@vitest/utils" "3.0.4"
    pathe "^2.0.2"

"@vitest/snapshot@3.0.4":
  version "3.0.4"
  resolved "https://registry.yarnpkg.com/@vitest/snapshot/-/snapshot-3.0.4.tgz#7e64c19ca1ab9abb2f01fd246817b5f0404798fd"
  integrity sha512-+p5knMLwIk7lTQkM3NonZ9zBewzVp9EVkVpvNta0/PlFWpiqLaRcF4+33L1it3uRUCh0BGLOaXPPGEjNKfWb4w==
  dependencies:
    "@vitest/pretty-format" "3.0.4"
    magic-string "^0.30.17"
    pathe "^2.0.2"

"@vitest/spy@3.0.4":
  version "3.0.4"
  resolved "https://registry.yarnpkg.com/@vitest/spy/-/spy-3.0.4.tgz#966fd3422ba093568a6a33c437751a91061f8622"
  integrity sha512-sXIMF0oauYyUy2hN49VFTYodzEAu744MmGcPR3ZBsPM20G+1/cSW/n1U+3Yu/zHxX2bIDe1oJASOkml+osTU6Q==
  dependencies:
    tinyspy "^3.0.2"

"@vitest/utils@3.0.4":
  version "3.0.4"
  resolved "https://registry.yarnpkg.com/@vitest/utils/-/utils-3.0.4.tgz#9dd2336170097b20a6e5b778bb5ea7786cc56008"
  integrity sha512-8BqC1ksYsHtbWH+DfpOAKrFw3jl3Uf9J7yeFh85Pz52IWuh1hBBtyfEbRNNZNjl8H8A5yMLH9/t+k7HIKzQcZQ==
  dependencies:
    "@vitest/pretty-format" "3.0.4"
    loupe "^3.1.2"
    tinyrainbow "^2.0.0"

assertion-error@^2.0.1:
  version "2.0.1"
  resolved "https://registry.yarnpkg.com/assertion-error/-/assertion-error-2.0.1.tgz#f641a196b335690b1070bf00b6e7593fec190bf7"
  integrity sha512-Izi8RQcffqCeNVgFigKli1ssklIbpHnCYc6AknXGYoB6grJqyeby7jv12JUQgmTAnIDnbck1uxksT4dzN3PWBA==

balanced-match@^1.0.0:
  version "1.0.2"
  resolved "https://registry.yarnpkg.com/balanced-match/-/balanced-match-1.0.2.tgz#e83e3a7e3f300b34cb9d87f615fa0cbf357690ee"
  integrity sha512-3oSeUO0TMV67hN1AmbXsK4yaqU7tjiHlbxRDZOpH0KW9+CeX4bRAaX0Anxt0tx2MrpRpWwQaPwIlISEJhYU5Pw==

brace-expansion@^1.1.7:
  version "1.1.11"
  resolved "https://registry.yarnpkg.com/brace-expansion/-/brace-expansion-1.1.11.tgz#3c7fcbf529d87226f3d2f52b966ff5271eb441dd"
  integrity sha512-iCuPHDFgrHX7H2vEI/5xpz07zSHB00TpugqhmYtVmMO6518mCuRMoOYFldEBl0g187ufozdaHgWKcYFb61qGiA==
  dependencies:
    balanced-match "^1.0.0"
    concat-map "0.0.1"

cac@^6.7.14:
  version "6.7.14"
  resolved "https://registry.yarnpkg.com/cac/-/cac-6.7.14.tgz#804e1e6f506ee363cb0e3ccbb09cad5dd9870959"
  integrity sha512-b6Ilus+c3RrdDk+JhLKUAQfzzgLEPy6wcXqS7f/xe1EETvsDP6GORG7SFuOs6cID5YkqchW/LXZbX5bc8j7ZcQ==

chai@^5.1.2:
  version "5.1.2"
  resolved "https://registry.yarnpkg.com/chai/-/chai-5.1.2.tgz#3afbc340b994ae3610ca519a6c70ace77ad4378d"
  integrity sha512-aGtmf24DW6MLHHG5gCx4zaI3uBq3KRtxeVs0DjFH6Z0rDNbsvTxFASFvdj79pxjxZ8/5u3PIiN3IwEIQkiiuPw==
  dependencies:
    assertion-error "^2.0.1"
    check-error "^2.1.1"
    deep-eql "^5.0.1"
    loupe "^3.1.0"
    pathval "^2.0.0"

check-error@^2.1.1:
  version "2.1.1"
  resolved "https://registry.yarnpkg.com/check-error/-/check-error-2.1.1.tgz#87eb876ae71ee388fa0471fe423f494be1d96ccc"
  integrity sha512-OAlb+T7V4Op9OwdkjmguYRqncdlx5JiofwOAUkmTF+jNdHwzTaTs4sRAGpzLF3oOz5xAyDGrPgeIDFQmDOTiJw==

commander@^5.0.0:
  version "5.1.0"
  resolved "https://registry.yarnpkg.com/commander/-/commander-5.1.0.tgz#46abbd1652f8e059bddaef99bbdcb2ad9cf179ae"
  integrity sha512-P0CysNDQ7rtVw4QIQtm+MRxV66vKFSvlsQvGYXZWR3qFU0jlMKHZZZgw8e+8DSah4UDKMqnknRDQz+xuQXQ/Zg==

concat-map@0.0.1:
  version "0.0.1"
  resolved "https://registry.yarnpkg.com/concat-map/-/concat-map-0.0.1.tgz#d8a96bd77fd68df7793a73036a3ba0d5405d477b"
  integrity sha512-/Srv4dswyQNBfohGpz9o6Yb3Gz3SrUDqBH5rTuhGR7ahtlbYKnVxw2bCFMRljaA7EXHaXZ8wsHdodFvbkhKmqg==

debug@^4.4.0:
  version "4.4.0"
  resolved "https://registry.yarnpkg.com/debug/-/debug-4.4.0.tgz#2b3f2aea2ffeb776477460267377dc8710faba8a"
  integrity sha512-6WTZ/IxCY/T6BALoZHaE4ctp9xm+Z5kY/pzYaCHRFeyVhojxlrm+46y68HA6hr0TcwEssoxNiDEUJQjfPZ/RYA==
  dependencies:
    ms "^2.1.3"

deep-eql@^5.0.1:
  version "5.0.2"
  resolved "https://registry.yarnpkg.com/deep-eql/-/deep-eql-5.0.2.tgz#4b756d8d770a9257300825d52a2c2cff99c3a341"
  integrity sha512-h5k/5U50IJJFpzfL6nO9jaaumfjO/f2NjK/oYB2Djzm4p9L+3T9qWpZqZ2hAbLPuuYq9wrU08WQyBTL5GbPk5Q==

es-module-lexer@^1.6.0:
  version "1.6.0"
  resolved "https://registry.yarnpkg.com/es-module-lexer/-/es-module-lexer-1.6.0.tgz#da49f587fd9e68ee2404fe4e256c0c7d3a81be21"
  integrity sha512-qqnD1yMU6tk/jnaMosogGySTZP8YtUgAffA9nMN+E/rjxcfRQ6IEk7IiozUjgxKoFHBGjTLnrHB/YC45r/59EQ==

esbuild@^0.24.2:
  version "0.24.2"
  resolved "https://registry.yarnpkg.com/esbuild/-/esbuild-0.24.2.tgz#b5b55bee7de017bff5fb8a4e3e44f2ebe2c3567d"
  integrity sha512-+9egpBW8I3CD5XPe0n6BfT5fxLzxrlDzqydF3aviG+9ni1lDC/OvMHcxqEFV0+LANZG5R1bFMWfUrjVsdwxJvA==
  optionalDependencies:
    "@esbuild/aix-ppc64" "0.24.2"
    "@esbuild/android-arm" "0.24.2"
    "@esbuild/android-arm64" "0.24.2"
    "@esbuild/android-x64" "0.24.2"
    "@esbuild/darwin-arm64" "0.24.2"
    "@esbuild/darwin-x64" "0.24.2"
    "@esbuild/freebsd-arm64" "0.24.2"
    "@esbuild/freebsd-x64" "0.24.2"
    "@esbuild/linux-arm" "0.24.2"
    "@esbuild/linux-arm64" "0.24.2"
    "@esbuild/linux-ia32" "0.24.2"
    "@esbuild/linux-loong64" "0.24.2"
    "@esbuild/linux-mips64el" "0.24.2"
    "@esbuild/linux-ppc64" "0.24.2"
    "@esbuild/linux-riscv64" "0.24.2"
    "@esbuild/linux-s390x" "0.24.2"
    "@esbuild/linux-x64" "0.24.2"
    "@esbuild/netbsd-arm64" "0.24.2"
    "@esbuild/netbsd-x64" "0.24.2"
    "@esbuild/openbsd-arm64" "0.24.2"
    "@esbuild/openbsd-x64" "0.24.2"
    "@esbuild/sunos-x64" "0.24.2"
    "@esbuild/win32-arm64" "0.24.2"
    "@esbuild/win32-ia32" "0.24.2"
    "@esbuild/win32-x64" "0.24.2"

estree-walker@^3.0.3:
  version "3.0.3"
  resolved "https://registry.yarnpkg.com/estree-walker/-/estree-walker-3.0.3.tgz#67c3e549ec402a487b4fc193d1953a524752340d"
  integrity sha512-7RUKfXgSMMkzt6ZuXmqapOurLGPPfgj6l9uRZ7lRGolvk0y2yocc35LdcxKC5PQZdn2DMqioAQ2NoWcrTKmm6g==
  dependencies:
    "@types/estree" "^1.0.0"

expect-type@^1.1.0:
  version "1.1.0"
  resolved "https://registry.yarnpkg.com/expect-type/-/expect-type-1.1.0.tgz#a146e414250d13dfc49eafcfd1344a4060fa4c75"
  integrity sha512-bFi65yM+xZgk+u/KRIpekdSYkTB5W1pEf0Lt8Q8Msh7b+eQ7LXVtIB1Bkm4fvclDEL1b2CZkMhv2mOeF8tMdkA==

fs.realpath@^1.0.0:
  version "1.0.0"
  resolved "https://registry.yarnpkg.com/fs.realpath/-/fs.realpath-1.0.0.tgz#1504ad2523158caa40db4a2787cb01411994ea4f"
  integrity sha512-OO0pH2lK6a0hZnAdau5ItzHPI6pUlvI7jMVnxUQRtw4owF2wk8lOSabtGDCTP4Ggrg2MbGnWO9X8K1t4+fGMDw==

fsevents@~2.3.2, fsevents@~2.3.3:
  version "2.3.3"
  resolved "https://registry.yarnpkg.com/fsevents/-/fsevents-2.3.3.tgz#cac6407785d03675a2a5e1a5305c697b347d90d6"
  integrity sha512-5xoDfX+fL7faATnagmWPpbFtwh/R77WmMMqqHGS65C3vvB0YHrgF+B1YmZ3441tMj5n63k0212XNoJwzlhffQw==

glob@^7.1.3, glob@^7.1.6:
  version "7.2.3"
  resolved "https://registry.yarnpkg.com/glob/-/glob-7.2.3.tgz#b8df0fb802bbfa8e89bd1d938b4e16578ed44f2b"
  integrity sha512-nFR0zLpU2YCaRxwoCJvL6UvCH2JFyFVIvwTLsIf21AuHlMskA1hhTdk+LlYJtOlYt9v6dvszD2BGRqBL+iQK9Q==
  dependencies:
    fs.realpath "^1.0.0"
    inflight "^1.0.4"
    inherits "2"
    minimatch "^3.1.1"
    once "^1.3.0"
    path-is-absolute "^1.0.0"

inflight@^1.0.4:
  version "1.0.6"
  resolved "https://registry.yarnpkg.com/inflight/-/inflight-1.0.6.tgz#49bd6331d7d02d0c09bc910a1075ba8165b56df9"
  integrity sha512-k92I/b08q4wvFscXCLvqfsHCrjrF7yiXsQuIVvVE7N82W3+aqpzuUdBbfhWcy/FZR3/4IgflMgKLOsvPDrGCJA==
  dependencies:
    once "^1.3.0"
    wrappy "1"

inherits@2:
  version "2.0.4"
  resolved "https://registry.yarnpkg.com/inherits/-/inherits-2.0.4.tgz#0fa2c64f932917c3433a0ded55363aae37416b7c"
  integrity sha512-k/vGaX4/Yla3WzyMCvTQOXYeIHvqOKtnqBduzTHpzpQZzAskKMhZ2K+EnBiSM9zGSoIFeMpXKxa4dYeZIQqewQ==

lodash@^4.17.15:
  version "4.17.21"
  resolved "https://registry.yarnpkg.com/lodash/-/lodash-4.17.21.tgz#679591c564c3bffaae8454cf0b3df370c3d6911c"
  integrity sha512-v2kDEe57lecTulaDIuNTPy3Ry4gLGJ6Z1O3vE1krgXZNrsQ+LFTGHVxVjcXPs17LhbZVGedAJv8XZ1tvj5FvSg==

loupe@^3.1.0, loupe@^3.1.2:
  version "3.1.2"
  resolved "https://registry.yarnpkg.com/loupe/-/loupe-3.1.2.tgz#c86e0696804a02218f2206124c45d8b15291a240"
  integrity sha512-23I4pFZHmAemUnz8WZXbYRSKYj801VDaNv9ETuMh7IrMc7VuVVSo+Z9iLE3ni30+U48iDWfi30d3twAXBYmnCg==

magic-string@^0.30.17:
  version "0.30.17"
  resolved "https://registry.yarnpkg.com/magic-string/-/magic-string-0.30.17.tgz#450a449673d2460e5bbcfba9a61916a1714c7453"
  integrity sha512-sNPKHvyjVf7gyjwS4xGTaW/mCnF8wnjtifKBEhxfZ7E/S8tQ0rssrwGNn6q8JH/ohItJfSQp9mBtQYuTlH5QnA==
  dependencies:
    "@jridgewell/sourcemap-codec" "^1.5.0"

minimatch@^3.0.4, minimatch@^3.1.1:
  version "3.1.2"
  resolved "https://registry.yarnpkg.com/minimatch/-/minimatch-3.1.2.tgz#19cd194bfd3e428f049a70817c038d89ab4be35b"
  integrity sha512-J7p63hRiAjw1NDEww1W7i37+ByIrOWO5XQQAzZ3VOcL0PNybwpfmV/N05zFAzwQ9USyEcX6t3UO+K5aqBQOIHw==
  dependencies:
    brace-expansion "^1.1.7"

ms@^2.1.3:
  version "2.1.3"
  resolved "https://registry.yarnpkg.com/ms/-/ms-2.1.3.tgz#574c8138ce1d2b5861f0b44579dbadd60c6615b2"
  integrity sha512-6FlzubTLZG3J2a/NVCAleEhjzq5oxgHyaCU9yYXvcLsvoVaHJq/s5xXI6/XXP6tz7R9xAOtHnSO/tXtF3WRTlA==

nanoid@^3.3.8:
  version "3.3.8"
  resolved "https://registry.yarnpkg.com/nanoid/-/nanoid-3.3.8.tgz#b1be3030bee36aaff18bacb375e5cce521684baf"
  integrity sha512-WNLf5Sd8oZxOm+TzppcYk8gVOgP+l58xNy58D0nbUnOxOWRWvlcCV4kUF7ltmI6PsrLl/BgKEyS4mqsGChFN0w==

once@^1.3.0:
  version "1.4.0"
  resolved "https://registry.yarnpkg.com/once/-/once-1.4.0.tgz#583b1aa775961d4b113ac17d9c50baef9dd76bd1"
  integrity sha512-lNaJgI+2Q5URQBkccEKHTQOPaXdUxnZZElQTZY0MFUAuaEqe1E+Nyvgdz/aIyNi6Z9MzO5dv1H8n58/GELp3+w==
  dependencies:
    wrappy "1"

path-is-absolute@^1.0.0:
  version "1.0.1"
  resolved "https://registry.yarnpkg.com/path-is-absolute/-/path-is-absolute-1.0.1.tgz#174b9268735534ffbc7ace6bf53a5a9e1b5c5f5f"
  integrity sha512-AVbw3UJ2e9bq64vSaS9Am0fje1Pa8pbGqTTsmXfaIiMpnr5DlDhfJOuLj9Sf95ZPVDAUerDfEk88MPmPe7UCQg==

pathe@^2.0.2:
  version "2.0.2"
  resolved "https://registry.yarnpkg.com/pathe/-/pathe-2.0.2.tgz#5ed86644376915b3c7ee4d00ac8c348d671da3a5"
  integrity sha512-15Ztpk+nov8DR524R4BF7uEuzESgzUEAV4Ah7CUMNGXdE5ELuvxElxGXndBl32vMSsWa1jpNf22Z+Er3sKwq+w==

pathval@^2.0.0:
  version "2.0.0"
  resolved "https://registry.yarnpkg.com/pathval/-/pathval-2.0.0.tgz#7e2550b422601d4f6b8e26f1301bc8f15a741a25"
  integrity sha512-vE7JKRyES09KiunauX7nd2Q9/L7lhok4smP9RZTDeD4MVs72Dp2qNFVz39Nz5a0FVEW0BJR6C0DYrq6unoziZA==

picocolors@^1.1.1:
  version "1.1.1"
  resolved "https://registry.yarnpkg.com/picocolors/-/picocolors-1.1.1.tgz#3d321af3eab939b083c8f929a1d12cda81c26b6b"
  integrity sha512-xceH2snhtb5M9liqDsmEw56le376mTZkEX/jEb/RxNFyegNul7eNslCXP9FDj/Lcu0X8KEyMceP2ntpaHrDEVA==

postcss@^8.4.49:
  version "8.5.1"
  resolved "https://registry.yarnpkg.com/postcss/-/postcss-8.5.1.tgz#e2272a1f8a807fafa413218245630b5db10a3214"
  integrity sha512-6oz2beyjc5VMn/KV1pPw8fliQkhBXrVn1Z3TVyqZxU8kZpzEKhBdmCFqI6ZbmGtamQvQGuU1sgPTk8ZrXDD7jQ==
  dependencies:
    nanoid "^3.3.8"
    picocolors "^1.1.1"
    source-map-js "^1.2.1"

prettier@^3.3.3:
  version "3.3.3"
  resolved "https://registry.yarnpkg.com/prettier/-/prettier-3.3.3.tgz#30c54fe0be0d8d12e6ae61dbb10109ea00d53105"
  integrity sha512-i2tDNA0O5IrMO757lfrdQZCc2jPNDVntV0m/+4whiDfWaTKfMNgR7Qz0NAeGz/nRqF4m5/6CLzbP4/liHt12Ew==

rimraf@^3.0.2:
  version "3.0.2"
  resolved "https://registry.yarnpkg.com/rimraf/-/rimraf-3.0.2.tgz#f1a5402ba6220ad52cc1282bac1ae3aa49fd061a"
  integrity sha512-JZkJMZkAGFFPP2YqXZXPbMlMBgsxzE8ILs4lMIX/2o0L9UBw9O/Y3o6wFw/i9YLapcUJWwqbi3kdxIPdC62TIA==
  dependencies:
    glob "^7.1.3"

rollup@^4.23.0:
  version "4.32.0"
  resolved "https://registry.yarnpkg.com/rollup/-/rollup-4.32.0.tgz#c405bf6fca494d1999d9088f7736d7f03e5cac5a"
  integrity sha512-JmrhfQR31Q4AuNBjjAX4s+a/Pu/Q8Q9iwjWBsjRH1q52SPFE2NqRMK6fUZKKnvKO6id+h7JIRf0oYsph53eATg==
  dependencies:
    "@types/estree" "1.0.6"
  optionalDependencies:
    "@rollup/rollup-android-arm-eabi" "4.32.0"
    "@rollup/rollup-android-arm64" "4.32.0"
    "@rollup/rollup-darwin-arm64" "4.32.0"
    "@rollup/rollup-darwin-x64" "4.32.0"
    "@rollup/rollup-freebsd-arm64" "4.32.0"
    "@rollup/rollup-freebsd-x64" "4.32.0"
    "@rollup/rollup-linux-arm-gnueabihf" "4.32.0"
    "@rollup/rollup-linux-arm-musleabihf" "4.32.0"
    "@rollup/rollup-linux-arm64-gnu" "4.32.0"
    "@rollup/rollup-linux-arm64-musl" "4.32.0"
    "@rollup/rollup-linux-loongarch64-gnu" "4.32.0"
    "@rollup/rollup-linux-powerpc64le-gnu" "4.32.0"
    "@rollup/rollup-linux-riscv64-gnu" "4.32.0"
    "@rollup/rollup-linux-s390x-gnu" "4.32.0"
    "@rollup/rollup-linux-x64-gnu" "4.32.0"
    "@rollup/rollup-linux-x64-musl" "4.32.0"
    "@rollup/rollup-win32-arm64-msvc" "4.32.0"
    "@rollup/rollup-win32-ia32-msvc" "4.32.0"
    "@rollup/rollup-win32-x64-msvc" "4.32.0"
    fsevents "~2.3.2"

siginfo@^2.0.0:
  version "2.0.0"
  resolved "https://registry.yarnpkg.com/siginfo/-/siginfo-2.0.0.tgz#32e76c70b79724e3bb567cb9d543eb858ccfaf30"
  integrity sha512-ybx0WO1/8bSBLEWXZvEd7gMW3Sn3JFlW3TvX1nREbDLRNQNaeNN8WK0meBwPdAaOI7TtRRRJn/Es1zhrrCHu7g==

source-map-js@^1.2.1:
  version "1.2.1"
  resolved "https://registry.yarnpkg.com/source-map-js/-/source-map-js-1.2.1.tgz#1ce5650fddd87abc099eda37dcff024c2667ae46"
  integrity sha512-UXWMKhLOwVKb728IUtQPXxfYU+usdybtUrK/8uGE8CQMvrhOpwvzDBwj0QhSL7MQc7vIsISBG8VQ8+IDQxpfQA==

stackback@0.0.2:
  version "0.0.2"
  resolved "https://registry.yarnpkg.com/stackback/-/stackback-0.0.2.tgz#1ac8a0d9483848d1695e418b6d031a3c3ce68e3b"
  integrity sha512-1XMJE5fQo1jGH6Y/7ebnwPOBEkIEnT4QF32d5R1+VXdXveM0IBMJt8zfaxX1P3QhVwrYe+576+jkANtSS2mBbw==

std-env@^3.8.0:
  version "3.8.0"
  resolved "https://registry.yarnpkg.com/std-env/-/std-env-3.8.0.tgz#b56ffc1baf1a29dcc80a3bdf11d7fca7c315e7d5"
  integrity sha512-Bc3YwwCB+OzldMxOXJIIvC6cPRWr/LxOp48CdQTOkPyk/t4JWWJbrilwBd7RJzKV8QW7tJkcgAmeuLLJugl5/w==

tinybench@^2.9.0:
  version "2.9.0"
  resolved "https://registry.yarnpkg.com/tinybench/-/tinybench-2.9.0.tgz#103c9f8ba6d7237a47ab6dd1dcff77251863426b"
  integrity sha512-0+DUvqWMValLmha6lr4kD8iAMK1HzV0/aKnCtWb9v9641TnP/MFb7Pc2bxoxQjTXAErryXVgUOfv2YqNllqGeg==

tinyexec@^0.3.2:
  version "0.3.2"
  resolved "https://registry.yarnpkg.com/tinyexec/-/tinyexec-0.3.2.tgz#941794e657a85e496577995c6eef66f53f42b3d2"
  integrity sha512-KQQR9yN7R5+OSwaK0XQoj22pwHoTlgYqmUscPYoknOoWCWfj/5/ABTMRi69FrKU5ffPVh5QcFikpWJI/P1ocHA==

tinypool@^1.0.2:
  version "1.0.2"
  resolved "https://registry.yarnpkg.com/tinypool/-/tinypool-1.0.2.tgz#706193cc532f4c100f66aa00b01c42173d9051b2"
  integrity sha512-al6n+QEANGFOMf/dmUMsuS5/r9B06uwlyNjZZql/zv8J7ybHCgoihBNORZCY2mzUuAnomQa2JdhyHKzZxPCrFA==

tinyrainbow@^2.0.0:
  version "2.0.0"
  resolved "https://registry.yarnpkg.com/tinyrainbow/-/tinyrainbow-2.0.0.tgz#9509b2162436315e80e3eee0fcce4474d2444294"
  integrity sha512-op4nsTR47R6p0vMUUoYl/a+ljLFVtlfaXkLQmqfLR1qHma1h/ysYk4hEXZ880bf2CYgTskvTa/e196Vd5dDQXw==

tinyspy@^3.0.2:
  version "3.0.2"
  resolved "https://registry.yarnpkg.com/tinyspy/-/tinyspy-3.0.2.tgz#86dd3cf3d737b15adcf17d7887c84a75201df20a"
  integrity sha512-n1cw8k1k0x4pgA2+9XrOkFydTerNcJ1zWCO5Nn9scWHTD+5tp8dghT2x1uduQePZTZgd3Tupf+x9BxJjeJi77Q==

typescript@^5.5.4:
  version "5.5.4"
  resolved "https://registry.yarnpkg.com/typescript/-/typescript-5.5.4.tgz#d9852d6c82bad2d2eda4fd74a5762a8f5909e9ba"
  integrity sha512-Mtq29sKDAEYP7aljRgtPOpTvOfbwRWlS6dPRzwjdE+C0R4brX/GUyhHSecbHMFLNBLcJIPt9nl9yG5TZ1weH+Q==

vite-node@3.0.4:
  version "3.0.4"
  resolved "https://registry.yarnpkg.com/vite-node/-/vite-node-3.0.4.tgz#6db5bc4c182baf04986265d46bc3193c5491f41f"
  integrity sha512-7JZKEzcYV2Nx3u6rlvN8qdo3QV7Fxyt6hx+CCKz9fbWxdX5IvUOmTWEAxMrWxaiSf7CKGLJQ5rFu8prb/jBjOA==
  dependencies:
    cac "^6.7.14"
    debug "^4.4.0"
    es-module-lexer "^1.6.0"
    pathe "^2.0.2"
    vite "^5.0.0 || ^6.0.0"

"vite@^5.0.0 || ^6.0.0":
  version "6.0.11"
  resolved "https://registry.yarnpkg.com/vite/-/vite-6.0.11.tgz#224497e93e940b34c3357c9ebf2ec20803091ed8"
  integrity sha512-4VL9mQPKoHy4+FE0NnRE/kbY51TOfaknxAjt3fJbGJxhIpBZiqVzlZDEesWWsuREXHwNdAoOFZ9MkPEVXczHwg==
  dependencies:
    esbuild "^0.24.2"
    postcss "^8.4.49"
    rollup "^4.23.0"
  optionalDependencies:
    fsevents "~2.3.3"

vitest@^3.0.4:
  version "3.0.4"
  resolved "https://registry.yarnpkg.com/vitest/-/vitest-3.0.4.tgz#c1d1c7ed1b21308906cd06d9cdee28b2eefddf97"
  integrity sha512-6XG8oTKy2gnJIFTHP6LD7ExFeNLxiTkK3CfMvT7IfR8IN+BYICCf0lXUQmX7i7JoxUP8QmeP4mTnWXgflu4yjw==
  dependencies:
    "@vitest/expect" "3.0.4"
    "@vitest/mocker" "3.0.4"
    "@vitest/pretty-format" "^3.0.4"
    "@vitest/runner" "3.0.4"
    "@vitest/snapshot" "3.0.4"
    "@vitest/spy" "3.0.4"
    "@vitest/utils" "3.0.4"
    chai "^5.1.2"
    debug "^4.4.0"
    expect-type "^1.1.0"
    magic-string "^0.30.17"
    pathe "^2.0.2"
    std-env "^3.8.0"
    tinybench "^2.9.0"
    tinyexec "^0.3.2"
    tinypool "^1.0.2"
    tinyrainbow "^2.0.0"
    vite "^5.0.0 || ^6.0.0"
    vite-node "3.0.4"
    why-is-node-running "^2.3.0"

why-is-node-running@^2.3.0:
  version "2.3.0"
  resolved "https://registry.yarnpkg.com/why-is-node-running/-/why-is-node-running-2.3.0.tgz#a3f69a97107f494b3cdc3bdddd883a7d65cebf04"
  integrity sha512-hUrmaWBdVDcxvYqnyh09zunKzROWjbZTiNy8dBEjkS7ehEDQibXJ7XvlmtbwuTclUiIyN+CyXQD4Vmko8fNm8w==
  dependencies:
    siginfo "^2.0.0"
    stackback "0.0.2"

wrappy@1:
  version "1.0.2"
  resolved "https://registry.yarnpkg.com/wrappy/-/wrappy-1.0.2.tgz#b5243d8f3ec1aa35f1364605bc0d1036e30ab69f"
  integrity sha512-l4Sp/DRseor9wL6EvV2+TuQn63dMkPjZ/sp9XkghTEbV9KlPS1xUsZ3u7/IQO4wxtcFB4bgpQPRcR3QCvezPcQ==
